
Microsoft Visual Studio Solution File, Format Version 12.00
# Visual Studio Version 17
VisualStudioVersion = 17.10.34928.147
MinimumVisualStudioVersion = 10.0.40219.1
Project("{FAE04EC0-301F-11D3-BF4B-00C04F79EFBC}") = "Linq Exercise", "Linq Exercise.csproj", "{A5981A92-ADCB-491A-AE62-9610AEC6206A}"
EndProject
Global
	GlobalSection(SolutionConfigurationPlatforms) = preSolution
		Debug|Any CPU = Debug|Any CPU
		Release|Any CPU = Release|Any CPU
	EndGlobalSection
	GlobalSection(ProjectConfigurationPlatforms) = postSolution
		{A5981A92-ADCB-491A-AE62-9610AEC6206A}.Debug|Any CPU.ActiveCfg = Debug|Any CPU
		{A5981A92-ADCB-491A-AE62-9610AEC6206A}.Debug|Any CPU.Build.0 = Debug|Any CPU
		{A5981A92-ADCB-491A-AE62-9610AEC6206A}.Release|Any CPU.ActiveCfg = Release|Any CPU
		{A5981A92-ADCB-491A-AE62-9610AEC6206A}.Release|Any CPU.Build.0 = Release|Any CPU
	EndGlobalSection
	GlobalSection(SolutionProperties) = preSolution
		HideSolutionNode = FALSE
	EndGlobalSection
	GlobalSection(ExtensibilityGlobals) = postSolution
		SolutionGuid = {E7033BCA-DB7D-4BE3-AE91-BB21CB79C12F}
	EndGlobalSection
EndGlobal
